
Microsoft Visual Studio Solution File, Format Version 12.00
# Visual Studio Version 17
VisualStudioVersion = 17.3.32819.101
MinimumVisualStudioVersion = 10.0.40219.1
Project("{FAE04EC0-301F-11D3-BF4B-00C04F79EFBC}") = "UppgiftP1_1", "UppgiftP1_1\UppgiftP1_1.csproj", "{39ED8FBE-8D25-4609-BDDE-3EB38A6EE2EE}"
EndProject
Global
	GlobalSection(SolutionConfigurationPlatforms) = preSolution
		Debug|Any CPU = Debug|Any CPU
		Release|Any CPU = Release|Any CPU
	EndGlobalSection
	GlobalSection(ProjectConfigurationPlatforms) = postSolution
		{39ED8FBE-8D25-4609-BDDE-3EB38A6EE2EE}.Debug|Any CPU.ActiveCfg = Debug|Any CPU
		{39ED8FBE-8D25-4609-BDDE-3EB38A6EE2EE}.Debug|Any CPU.Build.0 = Debug|Any CPU
		{39ED8FBE-8D25-4609-BDDE-3EB38A6EE2EE}.Release|Any CPU.ActiveCfg = Release|Any CPU
		{39ED8FBE-8D25-4609-BDDE-3EB38A6EE2EE}.Release|Any CPU.Build.0 = Release|Any CPU
	EndGlobalSection
	GlobalSection(SolutionProperties) = preSolution
		HideSolutionNode = FALSE
	EndGlobalSection
	GlobalSection(ExtensibilityGlobals) = postSolution
		SolutionGuid = {FF4E7199-0536-4C87-AC86-6B4D1B15E750}
	EndGlobalSection
EndGlobal
